
Microsoft Visual Studio Solution File, Format Version 12.00
# Visual Studio 15
VisualStudioVersion = 15.0.27428.2037
MinimumVisualStudioVersion = 10.0.40219.1
Project("{FAE04EC0-301F-11D3-BF4B-00C04F79EFBC}") = "KeerthyHome", "KeerthyHome\KeerthyHome.csproj", "{F89A158A-FB93-47AC-9ACD-338E8F95EAB9}"
EndProject
Global
	GlobalSection(SolutionConfigurationPlatforms) = preSolution
		Debug|Any CPU = Debug|Any CPU
		Release|Any CPU = Release|Any CPU
	EndGlobalSection
	GlobalSection(ProjectConfigurationPlatforms) = postSolution
		{F89A158A-FB93-47AC-9ACD-338E8F95EAB9}.Debug|Any CPU.ActiveCfg = Debug|Any CPU
		{F89A158A-FB93-47AC-9ACD-338E8F95EAB9}.Debug|Any CPU.Build.0 = Debug|Any CPU
		{F89A158A-FB93-47AC-9ACD-338E8F95EAB9}.Release|Any CPU.ActiveCfg = Release|Any CPU
		{F89A158A-FB93-47AC-9ACD-338E8F95EAB9}.Release|Any CPU.Build.0 = Release|Any CPU
	EndGlobalSection
	GlobalSection(SolutionProperties) = preSolution
		HideSolutionNode = FALSE
	EndGlobalSection
	GlobalSection(ExtensibilityGlobals) = postSolution
		SolutionGuid = {8ABF7E0F-FC6C-421B-B1D2-9CA3A599C7DD}
	EndGlobalSection
EndGlobal
